
Microsoft Visual Studio Solution File, Format Version 12.00
# Visual Studio 14
VisualStudioVersion = 14.0.23107.0
MinimumVisualStudioVersion = 10.0.40219.1
Project("{9092AA53-FB77-4645-B42D-1CCCA6BD08BD}") = "ObligatoriskOpgave3", "ObligatoriskOpgave3\ObligatoriskOpgave3.njsproj", "{81689F37-609B-48EB-AF45-A63F9DE3D5E6}"
EndProject
Global
	GlobalSection(SolutionConfigurationPlatforms) = preSolution
		Debug|Any CPU = Debug|Any CPU
		Release|Any CPU = Release|Any CPU
	EndGlobalSection
	GlobalSection(ProjectConfigurationPlatforms) = postSolution
		{81689F37-609B-48EB-AF45-A63F9DE3D5E6}.Debug|Any CPU.ActiveCfg = Debug|Any CPU
		{81689F37-609B-48EB-AF45-A63F9DE3D5E6}.Debug|Any CPU.Build.0 = Debug|Any CPU
		{81689F37-609B-48EB-AF45-A63F9DE3D5E6}.Release|Any CPU.ActiveCfg = Release|Any CPU
		{81689F37-609B-48EB-AF45-A63F9DE3D5E6}.Release|Any CPU.Build.0 = Release|Any CPU
	EndGlobalSection
	GlobalSection(SolutionProperties) = preSolution
		HideSolutionNode = FALSE
	EndGlobalSection
EndGlobal
